{
  "name": "@types/react-stripe-elements",
  "version": "1.0.0",
  "lockfileVersion": 1,
  "requires": true,
  "dependencies": {
    "@types/react": {
      "version": "16.0.22",
      "resolved": "https://registry.npmjs.org/@types/react/-/react-16.0.22.tgz",
      "integrity": "sha512-d8STysuhEgZ3MxMqY8PlTcUj2aJljBtQ+94SixlQdFgP3c5gh0fBBW5r73RxHuZqKohYvHb9nNbqGQfco7ReoQ==",
      "dev": true
    },
    "@types/stripe-v3": {
      "version": "3.0.4",
      "resolved": "https://registry.npmjs.org/@types/stripe-v3/-/stripe-v3-3.0.4.tgz",
      "integrity": "sha512-1mC8UHTKzKFs7cOCw5LyWERK4vKHnA8tlaNVdDImONwQ6s5c9KEIRTE0iBOoSBabAxEt8InzwognE+UmKFC24Q==",
      "dev": true
    }
  }
}
